
Microsoft Visual Studio Solution File, Format Version 12.00
# Visual Studio 14
VisualStudioVersion = 14.0.24720.0
MinimumVisualStudioVersion = 10.0.40219.1
Project("{FAE04EC0-301F-11D3-BF4B-00C04F79EFBC}") = "FileNotifier", "FileNotifier\FileNotifier.csproj", "{DC041F0A-CD01-47B3-B511-8E979A581BDB}"
EndProject
Project("{FAE04EC0-301F-11D3-BF4B-00C04F79EFBC}") = "FileNotifierSpecyfication", "FileNotifierSpecyfication\FileNotifierSpecyfication.csproj", "{7AD93E44-F306-4F2E-9DC3-5C83B3E7B44A}"
EndProject
Project("{FAE04EC0-301F-11D3-BF4B-00C04F79EFBC}") = "TextFileNotifierPlugin", "TextFileNotifierPlugin\TextFileNotifierPlugin.csproj", "{EF43D11F-F554-48F8-86EF-11D22705DFF4}"
EndProject
Project("{FAE04EC0-301F-11D3-BF4B-00C04F79EFBC}") = "ConsoleFileWatcherService", "ConsoleFileWatcherService\ConsoleFileWatcherService.csproj", "{442F9D64-926F-4E15-966A-C71197BE9D9E}"
	ProjectSection(ProjectDependencies) = postProject
		{EF43D11F-F554-48F8-86EF-11D22705DFF4} = {EF43D11F-F554-48F8-86EF-11D22705DFF4}
	EndProjectSection
EndProject
Project("{FAE04EC0-301F-11D3-BF4B-00C04F79EFBC}") = "WebFileNotifier", "WebFileNotifier\WebFileNotifier.csproj", "{F1637E49-5D62-433B-9A56-1A706F7E571F}"
EndProject
Project("{FAE04EC0-301F-11D3-BF4B-00C04F79EFBC}") = "FileWatcher", "FileWatcher\FileWatcher.csproj", "{15B3E0D2-6217-493A-A690-158C497F5318}"
EndProject
Global
	GlobalSection(SolutionConfigurationPlatforms) = preSolution
		Debug|Any CPU = Debug|Any CPU
		Release|Any CPU = Release|Any CPU
	EndGlobalSection
	GlobalSection(ProjectConfigurationPlatforms) = postSolution
		{DC041F0A-CD01-47B3-B511-8E979A581BDB}.Debug|Any CPU.ActiveCfg = Debug|Any CPU
		{DC041F0A-CD01-47B3-B511-8E979A581BDB}.Debug|Any CPU.Build.0 = Debug|Any CPU
		{DC041F0A-CD01-47B3-B511-8E979A581BDB}.Release|Any CPU.ActiveCfg = Release|Any CPU
		{DC041F0A-CD01-47B3-B511-8E979A581BDB}.Release|Any CPU.Build.0 = Release|Any CPU
		{7AD93E44-F306-4F2E-9DC3-5C83B3E7B44A}.Debug|Any CPU.ActiveCfg = Debug|Any CPU
		{7AD93E44-F306-4F2E-9DC3-5C83B3E7B44A}.Debug|Any CPU.Build.0 = Debug|Any CPU
		{7AD93E44-F306-4F2E-9DC3-5C83B3E7B44A}.Release|Any CPU.ActiveCfg = Release|Any CPU
		{7AD93E44-F306-4F2E-9DC3-5C83B3E7B44A}.Release|Any CPU.Build.0 = Release|Any CPU
		{EF43D11F-F554-48F8-86EF-11D22705DFF4}.Debug|Any CPU.ActiveCfg = Debug|Any CPU
		{EF43D11F-F554-48F8-86EF-11D22705DFF4}.Debug|Any CPU.Build.0 = Debug|Any CPU
		{EF43D11F-F554-48F8-86EF-11D22705DFF4}.Release|Any CPU.ActiveCfg = Release|Any CPU
		{EF43D11F-F554-48F8-86EF-11D22705DFF4}.Release|Any CPU.Build.0 = Release|Any CPU
		{442F9D64-926F-4E15-966A-C71197BE9D9E}.Debug|Any CPU.ActiveCfg = Debug|Any CPU
		{442F9D64-926F-4E15-966A-C71197BE9D9E}.Debug|Any CPU.Build.0 = Debug|Any CPU
		{442F9D64-926F-4E15-966A-C71197BE9D9E}.Release|Any CPU.ActiveCfg = Release|Any CPU
		{442F9D64-926F-4E15-966A-C71197BE9D9E}.Release|Any CPU.Build.0 = Release|Any CPU
		{F1637E49-5D62-433B-9A56-1A706F7E571F}.Debug|Any CPU.ActiveCfg = Debug|Any CPU
		{F1637E49-5D62-433B-9A56-1A706F7E571F}.Debug|Any CPU.Build.0 = Debug|Any CPU
		{F1637E49-5D62-433B-9A56-1A706F7E571F}.Release|Any CPU.ActiveCfg = Release|Any CPU
		{F1637E49-5D62-433B-9A56-1A706F7E571F}.Release|Any CPU.Build.0 = Release|Any CPU
		{15B3E0D2-6217-493A-A690-158C497F5318}.Debug|Any CPU.ActiveCfg = Debug|Any CPU
		{15B3E0D2-6217-493A-A690-158C497F5318}.Debug|Any CPU.Build.0 = Debug|Any CPU
		{15B3E0D2-6217-493A-A690-158C497F5318}.Release|Any CPU.ActiveCfg = Release|Any CPU
		{15B3E0D2-6217-493A-A690-158C497F5318}.Release|Any CPU.Build.0 = Release|Any CPU
	EndGlobalSection
	GlobalSection(SolutionProperties) = preSolution
		HideSolutionNode = FALSE
	EndGlobalSection
EndGlobal
